
Microsoft Visual Studio Solution File, Format Version 12.00
# Visual Studio Version 16
VisualStudioVersion = 16.0.30804.86
MinimumVisualStudioVersion = 10.0.40219.1
Project("{9A19103F-16F7-4668-BE54-9A1E7A4F7556}") = "UNITYST", "UNITYST\UNITYST.csproj", "{C89A9045-BEC0-4658-81AC-FAF23A9DF45D}"
EndProject
Project("{2150E333-8FDC-42A3-9474-1A3956D46DE8}") = "Solution Items", "Solution Items", "{C2735EA3-48C1-43A8-A46D-7BD07740F89B}"
	ProjectSection(SolutionItems) = preProject
		목차.txt = 목차.txt
	EndProjectSection
EndProject
Project("{2150E333-8FDC-42A3-9474-1A3956D46DE8}") = "STD", "STD", "{8115AF20-E413-47A5-99FC-B518EF2C3DA1}"
EndProject
Project("{9A19103F-16F7-4668-BE54-9A1E7A4F7556}") = "00Using", "00Using\00Using.csproj", "{FF6F9773-804C-477F-8AF7-912DF92AA40D}"
EndProject
Project("{9A19103F-16F7-4668-BE54-9A1E7A4F7556}") = "01Class", "01Class\01Class.csproj", "{45B168C5-28C8-4C1A-B757-DEF6F9066BDA}"
EndProject
Project("{FAE04EC0-301F-11D3-BF4B-00C04F79EFBC}") = "02NameSpace", "02NameSpace\02NameSpace.csproj", "{93444DFA-C681-4DD8-B237-67672CA97152}"
EndProject
Project("{FAE04EC0-301F-11D3-BF4B-00C04F79EFBC}") = "03CodeStartAndReading", "03CodeStartAndReading\03CodeStartAndReading.csproj", "{C2B29EB8-90E8-4B94-8717-9B83AEFFA726}"
EndProject
Project("{FAE04EC0-301F-11D3-BF4B-00C04F79EFBC}") = "04MemberVar", "04MemberVar\04MemberVar.csproj", "{5713914E-C1AF-4FB2-B685-DE7D65CA03AE}"
EndProject
Project("{FAE04EC0-301F-11D3-BF4B-00C04F79EFBC}") = "05MemberFunc", "05MemberFunc\05MemberFunc.csproj", "{9EBE3FA7-0457-40F3-B3BB-E649FCA0B5BF}"
EndProject
Project("{FAE04EC0-301F-11D3-BF4B-00C04F79EFBC}") = "06LocalVar", "06LocalVar\06LocalVar.csproj", "{2B3F7CAF-786F-4B52-ABE1-D86C7E14E5AB}"
EndProject
Project("{FAE04EC0-301F-11D3-BF4B-00C04F79EFBC}") = "07ClassAccess", "07ClassAccess\07ClassAccess.csproj", "{5DE35AE1-B5CE-4ED1-A6FD-AC85296E038A}"
EndProject
Project("{FAE04EC0-301F-11D3-BF4B-00C04F79EFBC}") = "08FuncEx", "08FuncEx\08FuncEx.csproj", "{7CA53133-E8C8-4D78-AD64-8318055739EC}"
EndProject
Project("{FAE04EC0-301F-11D3-BF4B-00C04F79EFBC}") = "09Operator", "09Operator\09Operator.csproj", "{DF854D67-DF97-4EC3-B1BD-D525E7C2AC83}"
EndProject
Project("{FAE04EC0-301F-11D3-BF4B-00C04F79EFBC}") = "10Memory00(Func)", "10Memory00(Func)\10Memory00(Func).csproj", "{6D6D7766-62DD-4EE5-95B0-FA94E55E57D7}"
EndProject
Project("{FAE04EC0-301F-11D3-BF4B-00C04F79EFBC}") = "11Memory01(Value)", "11Memory00(Value)\11Memory01(Value).csproj", "{F69AFF2A-721B-4578-95EC-E5C81ACDD7D9}"
EndProject
Project("{FAE04EC0-301F-11D3-BF4B-00C04F79EFBC}") = "12Memory02(Reference)", "12Memory02(Reference)\12Memory02(Reference).csproj", "{A0B63B83-7DF5-42FB-91FF-94F4F9504FCC}"
EndProject
Global
	GlobalSection(SolutionConfigurationPlatforms) = preSolution
		Debug|Any CPU = Debug|Any CPU
		Release|Any CPU = Release|Any CPU
	EndGlobalSection
	GlobalSection(ProjectConfigurationPlatforms) = postSolution
		{C89A9045-BEC0-4658-81AC-FAF23A9DF45D}.Debug|Any CPU.ActiveCfg = Debug|Any CPU
		{C89A9045-BEC0-4658-81AC-FAF23A9DF45D}.Debug|Any CPU.Build.0 = Debug|Any CPU
		{C89A9045-BEC0-4658-81AC-FAF23A9DF45D}.Release|Any CPU.ActiveCfg = Release|Any CPU
		{C89A9045-BEC0-4658-81AC-FAF23A9DF45D}.Release|Any CPU.Build.0 = Release|Any CPU
		{FF6F9773-804C-477F-8AF7-912DF92AA40D}.Debug|Any CPU.ActiveCfg = Debug|Any CPU
		{FF6F9773-804C-477F-8AF7-912DF92AA40D}.Debug|Any CPU.Build.0 = Debug|Any CPU
		{FF6F9773-804C-477F-8AF7-912DF92AA40D}.Release|Any CPU.ActiveCfg = Release|Any CPU
		{FF6F9773-804C-477F-8AF7-912DF92AA40D}.Release|Any CPU.Build.0 = Release|Any CPU
		{45B168C5-28C8-4C1A-B757-DEF6F9066BDA}.Debug|Any CPU.ActiveCfg = Debug|Any CPU
		{45B168C5-28C8-4C1A-B757-DEF6F9066BDA}.Debug|Any CPU.Build.0 = Debug|Any CPU
		{45B168C5-28C8-4C1A-B757-DEF6F9066BDA}.Release|Any CPU.ActiveCfg = Release|Any CPU
		{45B168C5-28C8-4C1A-B757-DEF6F9066BDA}.Release|Any CPU.Build.0 = Release|Any CPU
		{93444DFA-C681-4DD8-B237-67672CA97152}.Debug|Any CPU.ActiveCfg = Debug|Any CPU
		{93444DFA-C681-4DD8-B237-67672CA97152}.Debug|Any CPU.Build.0 = Debug|Any CPU
		{93444DFA-C681-4DD8-B237-67672CA97152}.Release|Any CPU.ActiveCfg = Release|Any CPU
		{93444DFA-C681-4DD8-B237-67672CA97152}.Release|Any CPU.Build.0 = Release|Any CPU
		{C2B29EB8-90E8-4B94-8717-9B83AEFFA726}.Debug|Any CPU.ActiveCfg = Debug|Any CPU
		{C2B29EB8-90E8-4B94-8717-9B83AEFFA726}.Debug|Any CPU.Build.0 = Debug|Any CPU
		{C2B29EB8-90E8-4B94-8717-9B83AEFFA726}.Release|Any CPU.ActiveCfg = Release|Any CPU
		{C2B29EB8-90E8-4B94-8717-9B83AEFFA726}.Release|Any CPU.Build.0 = Release|Any CPU
		{5713914E-C1AF-4FB2-B685-DE7D65CA03AE}.Debug|Any CPU.ActiveCfg = Debug|Any CPU
		{5713914E-C1AF-4FB2-B685-DE7D65CA03AE}.Debug|Any CPU.Build.0 = Debug|Any CPU
		{5713914E-C1AF-4FB2-B685-DE7D65CA03AE}.Release|Any CPU.ActiveCfg = Release|Any CPU
		{5713914E-C1AF-4FB2-B685-DE7D65CA03AE}.Release|Any CPU.Build.0 = Release|Any CPU
		{9EBE3FA7-0457-40F3-B3BB-E649FCA0B5BF}.Debug|Any CPU.ActiveCfg = Debug|Any CPU
		{9EBE3FA7-0457-40F3-B3BB-E649FCA0B5BF}.Debug|Any CPU.Build.0 = Debug|Any CPU
		{9EBE3FA7-0457-40F3-B3BB-E649FCA0B5BF}.Release|Any CPU.ActiveCfg = Release|Any CPU
		{9EBE3FA7-0457-40F3-B3BB-E649FCA0B5BF}.Release|Any CPU.Build.0 = Release|Any CPU
		{2B3F7CAF-786F-4B52-ABE1-D86C7E14E5AB}.Debug|Any CPU.ActiveCfg = Debug|Any CPU
		{2B3F7CAF-786F-4B52-ABE1-D86C7E14E5AB}.Debug|Any CPU.Build.0 = Debug|Any CPU
		{2B3F7CAF-786F-4B52-ABE1-D86C7E14E5AB}.Release|Any CPU.ActiveCfg = Release|Any CPU
		{2B3F7CAF-786F-4B52-ABE1-D86C7E14E5AB}.Release|Any CPU.Build.0 = Release|Any CPU
		{5DE35AE1-B5CE-4ED1-A6FD-AC85296E038A}.Debug|Any CPU.ActiveCfg = Debug|Any CPU
		{5DE35AE1-B5CE-4ED1-A6FD-AC85296E038A}.Debug|Any CPU.Build.0 = Debug|Any CPU
		{5DE35AE1-B5CE-4ED1-A6FD-AC85296E038A}.Release|Any CPU.ActiveCfg = Release|Any CPU
		{5DE35AE1-B5CE-4ED1-A6FD-AC85296E038A}.Release|Any CPU.Build.0 = Release|Any CPU
		{7CA53133-E8C8-4D78-AD64-8318055739EC}.Debug|Any CPU.ActiveCfg = Debug|Any CPU
		{7CA53133-E8C8-4D78-AD64-8318055739EC}.Debug|Any CPU.Build.0 = Debug|Any CPU
		{7CA53133-E8C8-4D78-AD64-8318055739EC}.Release|Any CPU.ActiveCfg = Release|Any CPU
		{7CA53133-E8C8-4D78-AD64-8318055739EC}.Release|Any CPU.Build.0 = Release|Any CPU
		{DF854D67-DF97-4EC3-B1BD-D525E7C2AC83}.Debug|Any CPU.ActiveCfg = Debug|Any CPU
		{DF854D67-DF97-4EC3-B1BD-D525E7C2AC83}.Debug|Any CPU.Build.0 = Debug|Any CPU
		{DF854D67-DF97-4EC3-B1BD-D525E7C2AC83}.Release|Any CPU.ActiveCfg = Release|Any CPU
		{DF854D67-DF97-4EC3-B1BD-D525E7C2AC83}.Release|Any CPU.Build.0 = Release|Any CPU
		{6D6D7766-62DD-4EE5-95B0-FA94E55E57D7}.Debug|Any CPU.ActiveCfg = Debug|Any CPU
		{6D6D7766-62DD-4EE5-95B0-FA94E55E57D7}.Debug|Any CPU.Build.0 = Debug|Any CPU
		{6D6D7766-62DD-4EE5-95B0-FA94E55E57D7}.Release|Any CPU.ActiveCfg = Release|Any CPU
		{6D6D7766-62DD-4EE5-95B0-FA94E55E57D7}.Release|Any CPU.Build.0 = Release|Any CPU
		{F69AFF2A-721B-4578-95EC-E5C81ACDD7D9}.Debug|Any CPU.ActiveCfg = Debug|Any CPU
		{F69AFF2A-721B-4578-95EC-E5C81ACDD7D9}.Debug|Any CPU.Build.0 = Debug|Any CPU
		{F69AFF2A-721B-4578-95EC-E5C81ACDD7D9}.Release|Any CPU.ActiveCfg = Release|Any CPU
		{F69AFF2A-721B-4578-95EC-E5C81ACDD7D9}.Release|Any CPU.Build.0 = Release|Any CPU
		{A0B63B83-7DF5-42FB-91FF-94F4F9504FCC}.Debug|Any CPU.ActiveCfg = Debug|Any CPU
		{A0B63B83-7DF5-42FB-91FF-94F4F9504FCC}.Debug|Any CPU.Build.0 = Debug|Any CPU
		{A0B63B83-7DF5-42FB-91FF-94F4F9504FCC}.Release|Any CPU.ActiveCfg = Release|Any CPU
		{A0B63B83-7DF5-42FB-91FF-94F4F9504FCC}.Release|Any CPU.Build.0 = Release|Any CPU
	EndGlobalSection
	GlobalSection(SolutionProperties) = preSolution
		HideSolutionNode = FALSE
	EndGlobalSection
	GlobalSection(NestedProjects) = preSolution
		{C89A9045-BEC0-4658-81AC-FAF23A9DF45D} = {8115AF20-E413-47A5-99FC-B518EF2C3DA1}
	EndGlobalSection
	GlobalSection(ExtensibilityGlobals) = postSolution
		SolutionGuid = {D98B67CF-0377-41C9-8407-27BB9497C51D}
	EndGlobalSection
EndGlobal
